
Microsoft Visual Studio Solution File, Format Version 12.00
# Visual Studio Version 17
VisualStudioVersion = 17.10.34902.84
MinimumVisualStudioVersion = 10.0.40219.1
Project("{9A19103F-16F7-4668-BE54-9A1E7A4F7556}") = "DotNetEFDbContextScaffold", "DotNetEFDbContextScaffold\DotNetEFDbContextScaffold.csproj", "{0D064FC8-DAEB-42D9-9D62-EA5F25D226FE}"
EndProject
Project("{2150E333-8FDC-42A3-9474-1A3956D46DE8}") = "Documents", "Documents", "{8FA1EDFC-E4B6-4662-88D8-09E698B9BD5F}"
	ProjectSection(SolutionItems) = preProject
		testDbScript.sql = testDbScript.sql
	EndProjectSection
EndProject
Global
	GlobalSection(SolutionConfigurationPlatforms) = preSolution
		Debug|Any CPU = Debug|Any CPU
		Release|Any CPU = Release|Any CPU
	EndGlobalSection
	GlobalSection(ProjectConfigurationPlatforms) = postSolution
		{0D064FC8-DAEB-42D9-9D62-EA5F25D226FE}.Debug|Any CPU.ActiveCfg = Debug|Any CPU
		{0D064FC8-DAEB-42D9-9D62-EA5F25D226FE}.Debug|Any CPU.Build.0 = Debug|Any CPU
		{0D064FC8-DAEB-42D9-9D62-EA5F25D226FE}.Release|Any CPU.ActiveCfg = Release|Any CPU
		{0D064FC8-DAEB-42D9-9D62-EA5F25D226FE}.Release|Any CPU.Build.0 = Release|Any CPU
	EndGlobalSection
	GlobalSection(SolutionProperties) = preSolution
		HideSolutionNode = FALSE
	EndGlobalSection
	GlobalSection(ExtensibilityGlobals) = postSolution
		SolutionGuid = {DF3D85D8-6225-46E1-8CCE-35E3C6CC8D25}
	EndGlobalSection
EndGlobal
